{
  "nodes": {
    "agenix": {
      "inputs": {
        "darwin": "darwin",
        "home-manager": "home-manager",
        "nixpkgs": [
          "nixpkgs"
        ],
        "systems": "systems"
      },
      "locked": {
        "lastModified": 1760836749,
        "narHash": "sha256-wyT7Pl6tMFbFrs8Lk/TlEs81N6L+VSybPfiIgzU8lbQ=",
        "owner": "ryantm",
        "repo": "agenix",
        "rev": "2f0f812f69f3eb4140157fe15e12739adf82e32a",
        "type": "github"
      },
      "original": {
        "owner": "ryantm",
        "repo": "agenix",
        "type": "github"
      }
    },
    "brag": {
      "inputs": {
        "crane": "crane",
        "flake-utils": "flake-utils",
        "nixpkgs": [
          "nixpkgs"
        ],
        "rust-overlay": "rust-overlay"
      },
      "locked": {
        "lastModified": 1758644343,
        "narHash": "sha256-rpvdCeIxQVwNdoXd3GI45pOo5PPLafF5/6nJVM4UQRM=",
        "owner": "delabere",
        "repo": "brag",
        "rev": "0903231f8b9b009ed95b39ff8a3ee4821f18a7a5",
        "type": "github"
      },
      "original": {
        "owner": "delabere",
        "repo": "brag",
        "type": "github"
      }
    },
    "crane": {
      "locked": {
        "lastModified": 1758215636,
        "narHash": "sha256-8nkzkPbdxze8CxWhKWlcLbJEU1vfLM/nVqRlTy17V54=",
        "owner": "ipetkov",
        "repo": "crane",
        "rev": "a669fe77a8b0cd6f11419d89ea45a16691ca5121",
        "type": "github"
      },
      "original": {
        "owner": "ipetkov",
        "repo": "crane",
        "type": "github"
      }
    },
    "darwin": {
      "inputs": {
        "nixpkgs": [
          "agenix",
          "nixpkgs"
        ]
      },
      "locked": {
        "lastModified": 1744478979,
        "narHash": "sha256-dyN+teG9G82G+m+PX/aSAagkC+vUv0SgUw3XkPhQodQ=",
        "owner": "lnl7",
        "repo": "nix-darwin",
        "rev": "43975d782b418ebf4969e9ccba82466728c2851b",
        "type": "github"
      },
      "original": {
        "owner": "lnl7",
        "ref": "master",
        "repo": "nix-darwin",
        "type": "github"
      }
    },
    "flake-parts": {
      "inputs": {
        "nixpkgs-lib": "nixpkgs-lib"
      },
      "locked": {
        "lastModified": 1709336216,
        "narHash": "sha256-Dt/wOWeW6Sqm11Yh+2+t0dfEWxoMxGBvv3JpIocFl9E=",
        "owner": "hercules-ci",
        "repo": "flake-parts",
        "rev": "f7b3c975cf067e56e7cda6cb098ebe3fb4d74ca2",
        "type": "github"
      },
      "original": {
        "id": "flake-parts",
        "type": "indirect"
      }
    },
    "flake-utils": {
      "inputs": {
        "systems": "systems_2"
      },
      "locked": {
        "lastModified": 1731533236,
        "narHash": "sha256-l0KFg5HjrsfsO/JpG+r7fRrqm12kzFHyUHqHCVpMMbI=",
        "owner": "numtide",
        "repo": "flake-utils",
        "rev": "11707dc2f618dd54ca8739b309ec4fc024de578b",
        "type": "github"
      },
      "original": {
        "owner": "numtide",
        "repo": "flake-utils",
        "type": "github"
      }
    },
    "flake-utils_2": {
      "inputs": {
        "systems": "systems_3"
      },
      "locked": {
        "lastModified": 1731533236,
        "narHash": "sha256-l0KFg5HjrsfsO/JpG+r7fRrqm12kzFHyUHqHCVpMMbI=",
        "owner": "numtide",
        "repo": "flake-utils",
        "rev": "11707dc2f618dd54ca8739b309ec4fc024de578b",
        "type": "github"
      },
      "original": {
        "owner": "numtide",
        "repo": "flake-utils",
        "type": "github"
      }
    },
    "goprotomocker": {
      "inputs": {
        "nixpkgs": [
          "nixpkgs"
        ]
      },
      "locked": {
        "lastModified": 1758644869,
        "narHash": "sha256-7sguaqWETknKF8YZHYb6pceUHVM1QDm1DKbv9Q9CHRM=",
        "owner": "delabere",
        "repo": "goprotomocker",
        "rev": "326ad45589294d2b10ffe5285ff1238488fe6ab9",
        "type": "github"
      },
      "original": {
        "owner": "delabere",
        "repo": "goprotomocker",
        "type": "github"
      }
    },
    "home-manager": {
      "inputs": {
        "nixpkgs": [
          "agenix",
          "nixpkgs"
        ]
      },
      "locked": {
        "lastModified": 1745494811,
        "narHash": "sha256-YZCh2o9Ua1n9uCvrvi5pRxtuVNml8X2a03qIFfRKpFs=",
        "owner": "nix-community",
        "repo": "home-manager",
        "rev": "abfad3d2958c9e6300a883bd443512c55dfeb1be",
        "type": "github"
      },
      "original": {
        "owner": "nix-community",
        "repo": "home-manager",
        "type": "github"
      }
    },
    "home-manager_2": {
      "inputs": {
        "nixpkgs": [
          "nixpkgs"
        ]
      },
      "locked": {
        "lastModified": 1761530345,
        "narHash": "sha256-+9+YCK9Lh6GThkXu/8JTxMFUnImIdZpb8ElUh6/F5Y8=",
        "owner": "nix-community",
        "repo": "home-manager",
        "rev": "bbaeb9f1c29e79bb1653b32c3d73244cdf4bd888",
        "type": "github"
      },
      "original": {
        "owner": "nix-community",
        "repo": "home-manager",
        "type": "github"
      }
    },
    "nixarr": {
      "inputs": {
        "nixpkgs": [
          "nixpkgs"
        ],
        "vpnconfinement": "vpnconfinement",
        "website-builder": "website-builder"
      },
      "locked": {
        "lastModified": 1761225190,
        "narHash": "sha256-1mf2wPI9S6okdmlI3dcUwdeeda3o+fgSFRX0RNqlWOA=",
        "owner": "rasmus-kirk",
        "repo": "nixarr",
        "rev": "e8312dfa783f3d5a67ea6e83782f53efaf1a5716",
        "type": "github"
      },
      "original": {
        "owner": "rasmus-kirk",
        "repo": "nixarr",
        "type": "github"
      }
    },
    "nixpkgs": {
      "locked": {
        "lastModified": 1761373498,
        "narHash": "sha256-Q/uhWNvd7V7k1H1ZPMy/vkx3F8C13ZcdrKjO7Jv7v0c=",
        "owner": "NixOS",
        "repo": "nixpkgs",
        "rev": "6a08e6bb4e46ff7fcbb53d409b253f6bad8a28ce",
        "type": "github"
      },
      "original": {
        "id": "nixpkgs",
        "ref": "nixos-unstable",
        "type": "indirect"
      }
    },
    "nixpkgs-lib": {
      "locked": {
        "dir": "lib",
        "lastModified": 1709237383,
        "narHash": "sha256-cy6ArO4k5qTx+l5o+0mL9f5fa86tYUX3ozE1S+Txlds=",
        "owner": "NixOS",
        "repo": "nixpkgs",
        "rev": "1536926ef5621b09bba54035ae2bb6d806d72ac8",
        "type": "github"
      },
      "original": {
        "dir": "lib",
        "owner": "NixOS",
        "ref": "nixos-unstable",
        "repo": "nixpkgs",
        "type": "github"
      }
    },
    "root": {
      "inputs": {
        "agenix": "agenix",
        "brag": "brag",
        "flake-utils": "flake-utils_2",
        "goprotomocker": "goprotomocker",
        "home-manager": "home-manager_2",
        "nixarr": "nixarr",
        "nixpkgs": "nixpkgs",
        "session-x": "session-x"
      }
    },
    "rust-overlay": {
      "inputs": {
        "nixpkgs": [
          "brag",
          "nixpkgs"
        ]
      },
      "locked": {
        "lastModified": 1758594771,
        "narHash": "sha256-loYxdliGF/ytyAorc36Tt/PwBpc2rAfMSJycNxc2oeg=",
        "owner": "oxalica",
        "repo": "rust-overlay",
        "rev": "96722b8da34a7d796668b9a1cbcb7e799cc524b5",
        "type": "github"
      },
      "original": {
        "owner": "oxalica",
        "repo": "rust-overlay",
        "type": "github"
      }
    },
    "session-x": {
      "inputs": {
        "flake-parts": "flake-parts",
        "nixpkgs": [
          "nixpkgs"
        ]
      },
      "locked": {
        "lastModified": 1754419178,
        "narHash": "sha256-a/wI6UMQayOfQswIm690ypyT/Lxfbz0Uja21ZbqN3Xk=",
        "owner": "omerxx",
        "repo": "tmux-sessionx",
        "rev": "fe704934f8cec16f07fcb9e722ed868fd769c647",
        "type": "github"
      },
      "original": {
        "owner": "omerxx",
        "repo": "tmux-sessionx",
        "type": "github"
      }
    },
    "systems": {
      "locked": {
        "lastModified": 1681028828,
        "narHash": "sha256-Vy1rq5AaRuLzOxct8nz4T6wlgyUR7zLU309k9mBC768=",
        "owner": "nix-systems",
        "repo": "default",
        "rev": "da67096a3b9bf56a91d16901293e51ba5b49a27e",
        "type": "github"
      },
      "original": {
        "owner": "nix-systems",
        "repo": "default",
        "type": "github"
      }
    },
    "systems_2": {
      "locked": {
        "lastModified": 1681028828,
        "narHash": "sha256-Vy1rq5AaRuLzOxct8nz4T6wlgyUR7zLU309k9mBC768=",
        "owner": "nix-systems",
        "repo": "default",
        "rev": "da67096a3b9bf56a91d16901293e51ba5b49a27e",
        "type": "github"
      },
      "original": {
        "owner": "nix-systems",
        "repo": "default",
        "type": "github"
      }
    },
    "systems_3": {
      "locked": {
        "lastModified": 1681028828,
        "narHash": "sha256-Vy1rq5AaRuLzOxct8nz4T6wlgyUR7zLU309k9mBC768=",
        "owner": "nix-systems",
        "repo": "default",
        "rev": "da67096a3b9bf56a91d16901293e51ba5b49a27e",
        "type": "github"
      },
      "original": {
        "owner": "nix-systems",
        "repo": "default",
        "type": "github"
      }
    },
    "vpnconfinement": {
      "locked": {
        "lastModified": 1759956062,
        "narHash": "sha256-NUZu0Rb0fwUjfdp51zMm0xM3lcK8Kw4c97LLog7+JjA=",
        "owner": "Maroka-chan",
        "repo": "VPN-Confinement",
        "rev": "fabe7247b720b5eb4c3c053e24a2b3b70e64c52b",
        "type": "github"
      },
      "original": {
        "owner": "Maroka-chan",
        "repo": "VPN-Confinement",
        "type": "github"
      }
    },
    "website-builder": {
      "inputs": {
        "nixpkgs": [
          "nixarr",
          "nixpkgs"
        ]
      },
      "locked": {
        "lastModified": 1753958235,
        "narHash": "sha256-Rd27XQJKv8Z4BCr3gdbaHFd0TmumiGxdjGRzsEf/mOg=",
        "owner": "rasmus-kirk",
        "repo": "website-builder",
        "rev": "00a14b7ae7baef2197978ba7c3fe72dfca7bc475",
        "type": "github"
      },
      "original": {
        "owner": "rasmus-kirk",
        "repo": "website-builder",
        "type": "github"
      }
    }
  },
  "root": "root",
  "version": 7
}
